// !$*UTF8*$!
{
	"classes" = {
	};
	"objectVersion" = "55";
	"archiveVersion" = "1";
	"objects" = {
		"0C015E3F2B212A6600253DED" = {
			"productType" = "com.apple.product-type.application";
			"productReference" = "0C015E402B212A6600253DED";
			"buildConfigurationList" = "0C015E642B212A6800253DED";
			"productName" = "RocketLaunch";
			"isa" = "PBXNativeTarget";
			"buildPhases" = (
				"0C015E3C2B212A6600253DED",
				"0C015E3D2B212A6600253DED",
				"0C015E3E2B212A6600253DED",
			);
			"dependencies" = (
			);
			"name" = "RocketLaunch";
			"buildRules" = (
			);
		};
		"0C015E422B212A6600253DED" = {
			"path" = "RocketLaunch";
			"isa" = "PBXGroup";
			"children" = (
				"F03BE7BE3DDB64BFA215CA25",
				"18437FEA6E2D4CBF3CA54385",
				"1A19947DD326956E0D1755C1",
			);
			"sourceTree" = "<group>";
		};
		"0C015E3C2B212A6600253DED" = {
			"isa" = "PBXSourcesBuildPhase";
			"buildActionMask" = "2147483647";
			"files" = (
				"2D814B9C3C735E2E39113D64",
				"9E9C591FFEE3B2A3822F3A1A",
				"C5AC034AAAE9C2E0236B94CA",
				"3CB7B45425CB9DCB67D8A234",
				"A77192A88CC668C7B385A0D7",
				"4D2FA66A637E666D17D05682",
				"210F0EFB74899257C00AF13A",
				"011419AF3EBBEF8D3D0A9756",
				"650D1F72675866403091D9B5",
				"BFCB555EF76613F20AC19FED",
				"4F4ED4B5F2B6530219B555D6",
				"351A6003F48EF35CC5ABBB85",
			);
			"runOnlyForDeploymentPostprocessing" = "0";
		};
		"A1C04C8E3F7A200B12DAD9CE" = {
			"productReference" = "8727599EBDD915AFBD1759E5";
			"productType" = "com.apple.product-type.bundle.unit-test";
			"buildConfigurationList" = "226134F68FBBA6E336171CD1";
			"productName" = "RocketLaunchTests";
			"isa" = "PBXNativeTarget";
			"buildPhases" = (
				"7204F110F5AF435AAAB4221A",
				"570F49B68451AEDD4ACAAE90",
				"7EABF6B3C7CBE0A651416241",
			);
			"dependencies" = (
				"51BBAFC10442CA7470E6702B",
			);
			"name" = "RocketLaunchTests";
			"buildRules" = (
			);
		};
		"0C015E652B212A6800253DED" = {
			"isa" = "XCBuildConfiguration";
			"buildSettings" = {
				"INFOPLIST_KEY_UISupportedInterfaceOrientations_iPad" = "UIInterfaceOrientationPortrait UIInterfaceOrientationPortraitUpsideDown UIInterfaceOrientationLandscapeLeft UIInterfaceOrientationLandscapeRight";
				"MARKETING_VERSION" = "1.0";
				"INFOPLIST_KEY_UISupportedInterfaceOrientations_iPhone" = "UIInterfaceOrientationPortrait UIInterfaceOrientationLandscapeLeft UIInterfaceOrientationLandscapeRight";
				"DEVELOPMENT_TEAM" = "AE3J8T4WV6";
				"CURRENT_PROJECT_VERSION" = "1";
				"PRODUCT_BUNDLE_IDENTIFIER" = "com.swiftsimplified.rocketlaunch.RocketLaunch";
				"ASSETCATALOG_COMPILER_GLOBAL_ACCENT_COLOR_NAME" = "AccentColor";
				"DEVELOPMENT_ASSET_PATHS" = "\"RocketLaunch/3 - App Resources/Preview Content\"";
				"INFOPLIST_KEY_UILaunchScreen_Generation" = "YES";
				"TARGETED_DEVICE_FAMILY" = "1,2";
				"CODE_SIGN_STYLE" = "Automatic";
				"ASSETCATALOG_COMPILER_APPICON_NAME" = "AppIcon";
				"LD_RUNPATH_SEARCH_PATHS" = (
					"$(inherited)",
					"@executable_path/Frameworks",
				);
				"SWIFT_VERSION" = "6.0";
				"PRODUCT_NAME" = "$(TARGET_NAME)";
				"INFOPLIST_KEY_UIApplicationSupportsIndirectInputEvents" = "YES";
				"INFOPLIST_KEY_UIApplicationSceneManifest_Generation" = "YES";
				"ENABLE_PREVIEWS" = "YES";
				"SWIFT_EMIT_LOC_STRINGS" = "YES";
				"GENERATE_INFOPLIST_FILE" = "YES";
				"SWIFT_STRICT_CONCURRENCY" = "complete";
				"IPHONEOS_DEPLOYMENT_TARGET" = "17.0";
			};
			"name" = "Debug";
		};
		"71B8ED3D26CA7B1313A07E5F" = {
			"isa" = "XCBuildConfiguration";
			"name" = "Release";
			"buildSettings" = {
				"GENERATE_INFOPLIST_FILE" = "YES";
				"DEVELOPMENT_TEAM" = "AE3J8T4WV6";
				"IPHONEOS_DEPLOYMENT_TARGET" = "17.0";
				"TEST_HOST" = "$(BUILT_PRODUCTS_DIR)/RocketLaunch.app/$(BUNDLE_EXECUTABLE_FOLDER_PATH)/RocketLaunch";
				"LD_RUNPATH_SEARCH_PATHS" = (
					"$(inherited)",
					"@executable_path/Frameworks",
					"@loader_path/Frameworks",
				);
				"PRODUCT_BUNDLE_IDENTIFIER" = "com.swiftsimplified.rocketlaunch.RocketLaunchTests";
				"SWIFT_VERSION" = "6.0";
				"CODE_SIGN_STYLE" = "Automatic";
				"BUNDLE_LOADER" = "$(TEST_HOST)";
				"PRODUCT_NAME" = "$(TARGET_NAME)";
				"TARGETED_DEVICE_FAMILY" = "1,2";
				"SWIFT_STRICT_CONCURRENCY" = "complete";
			};
		};
		"0C015E622B212A6800253DED" = {
			"isa" = "XCBuildConfiguration";
			"buildSettings" = {
				"CLANG_WARN_UNGUARDED_AVAILABILITY" = "YES_AGGRESSIVE";
				"CLANG_WARN_SUSPICIOUS_MOVE" = "YES";
				"CLANG_WARN_DIRECT_OBJC_ISA_USAGE" = "YES_ERROR";
				"CLANG_ENABLE_OBJC_ARC" = "YES";
				"CLANG_ENABLE_OBJC_WEAK" = "YES";
				"CLANG_WARN__DUPLICATE_METHOD_MATCH" = "YES";
				"CLANG_CXX_LIBRARY" = "libc++";
				"CLANG_WARN_OBJC_LITERAL_CONVERSION" = "YES";
				"CLANG_WARN_INFINITE_RECURSION" = "YES";
				"CLANG_WARN_DOCUMENTATION_COMMENTS" = "YES";
				"GCC_WARN_UNDECLARED_SELECTOR" = "YES";
				"CLANG_ANALYZER_NUMBER_OBJECT_CONVERSION" = "YES_AGGRESSIVE";
				"SDKROOT" = "iphoneos";
				"CLANG_CXX_LANGUAGE_STANDARD" = "gnu++17";
				"ENABLE_TESTABILITY" = "YES";
				"CLANG_WARN_BOOL_CONVERSION" = "YES";
				"CLANG_WARN_UNREACHABLE_CODE" = "YES";
				"ENABLE_STRICT_OBJC_MSGSEND" = "YES";
				"CLANG_ANALYZER_NONNULL" = "YES";
				"CLANG_WARN_BLOCK_CAPTURE_AUTORELEASING" = "YES";
				"GCC_PREPROCESSOR_DEFINITIONS" = (
					"DEBUG=1",
					"$(inherited)",
				);
				"CLANG_WARN_ENUM_CONVERSION" = "YES";
				"CLANG_WARN_STRICT_PROTOTYPES" = "YES";
				"GCC_WARN_64_TO_32_BIT_CONVERSION" = "YES";
				"CLANG_WARN_QUOTED_INCLUDE_IN_FRAMEWORK_HEADER" = "YES";
				"GCC_WARN_UNINITIALIZED_AUTOS" = "YES_AGGRESSIVE";
				"CLANG_WARN_EMPTY_BODY" = "YES";
				"GCC_WARN_ABOUT_RETURN_TYPE" = "YES_ERROR";
				"CLANG_WARN_COMMA" = "YES";
				"GCC_DYNAMIC_NO_PIC" = "NO";
				"GCC_WARN_UNUSED_VARIABLE" = "YES";
				"GCC_C_LANGUAGE_STANDARD" = "gnu11";
				"CLANG_WARN_RANGE_LOOP_ANALYSIS" = "YES";
				"CLANG_ENABLE_MODULES" = "YES";
				"CLANG_WARN_INT_CONVERSION" = "YES";
				"ALWAYS_SEARCH_USER_PATHS" = "NO";
				"CLANG_WARN_OBJC_ROOT_CLASS" = "YES_ERROR";
				"CLANG_WARN_DEPRECATED_OBJC_IMPLEMENTATIONS" = "YES";
				"COPY_PHASE_STRIP" = "NO";
				"CLANG_WARN_CONSTANT_CONVERSION" = "YES";
				"GCC_NO_COMMON_BLOCKS" = "YES";
				"GCC_OPTIMIZATION_LEVEL" = "0";
				"MTL_ENABLE_DEBUG_INFO" = "INCLUDE_SOURCE";
				"ONLY_ACTIVE_ARCH" = "YES";
				"SWIFT_OPTIMIZATION_LEVEL" = "-Onone";
				"CLANG_WARN_NON_LITERAL_NULL_CONVERSION" = "YES";
				"MTL_FAST_MATH" = "YES";
				"GCC_WARN_UNUSED_FUNCTION" = "YES";
				"SWIFT_ACTIVE_COMPILATION_CONDITIONS" = "DEBUG";
				"DEBUG_INFORMATION_FORMAT" = "dwarf";
				"IPHONEOS_DEPLOYMENT_TARGET" = "17.0";
				"CLANG_WARN_OBJC_IMPLICIT_RETAIN_SELF" = "YES";
				"SWIFT_VERSION" = "6.0";
				"SWIFT_STRICT_CONCURRENCY" = "complete";
			};
			"name" = "Debug";
		};
		"570F49B68451AEDD4ACAAE90" = {
			"isa" = "PBXFrameworksBuildPhase";
			"buildActionMask" = "2147483647";
			"files" = (
			);
			"runOnlyForDeploymentPostprocessing" = "0";
		};
		"1B87928362F55FA8518C4CF2" = {
			"path" = "RocketLaunchTests";
			"isa" = "PBXGroup";
			"children" = (
				"28019D8E9869DDAD5FF23F69",
				"3E9F07B4410DE7054B1C2489",
				"12B7704C8A89F243543FDED1",
				"91DA622286FF2FEB3B87F3BD",
			);
			"sourceTree" = "<group>";
		};
		"0C015E372B212A6500253DED" = {
			"isa" = "PBXGroup";
			"sourceTree" = "<group>";
			"children" = (
				"0C015E422B212A6600253DED",
				"0C015E412B212A6600253DED",
				"1B87928362F55FA8518C4CF2",
			);
		};
		"0C015E3D2B212A6600253DED" = {
			"isa" = "PBXFrameworksBuildPhase";
			"buildActionMask" = "2147483647";
			"files" = (
			);
			"runOnlyForDeploymentPostprocessing" = "0";
		};
		"7EABF6B3C7CBE0A651416241" = {
			"isa" = "PBXResourcesBuildPhase";
			"buildActionMask" = "2147483647";
			"files" = (
				"660544F5092671121163B067",
			);
			"runOnlyForDeploymentPostprocessing" = "0";
		};
		"0C015E402B212A6600253DED" = {
			"path" = "RocketLaunch.app";
			"isa" = "PBXFileReference";
			"includeInIndex" = "0";
			"explicitFileType" = "wrapper.application";
			"sourceTree" = "BUILT_PRODUCTS_DIR";
		};
		"0C015E662B212A6800253DED" = {
			"isa" = "XCBuildConfiguration";
			"buildSettings" = {
				"INFOPLIST_KEY_UISupportedInterfaceOrientations_iPad" = "UIInterfaceOrientationPortrait UIInterfaceOrientationPortraitUpsideDown UIInterfaceOrientationLandscapeLeft UIInterfaceOrientationLandscapeRight";
				"MARKETING_VERSION" = "1.0";
				"INFOPLIST_KEY_UISupportedInterfaceOrientations_iPhone" = "UIInterfaceOrientationPortrait UIInterfaceOrientationLandscapeLeft UIInterfaceOrientationLandscapeRight";
				"DEVELOPMENT_TEAM" = "AE3J8T4WV6";
				"CURRENT_PROJECT_VERSION" = "1";
				"PRODUCT_BUNDLE_IDENTIFIER" = "com.swiftsimplified.rocketlaunch.RocketLaunch";
				"ASSETCATALOG_COMPILER_GLOBAL_ACCENT_COLOR_NAME" = "AccentColor";
				"DEVELOPMENT_ASSET_PATHS" = "\"RocketLaunch/3 - App Resources/Preview Content\"";
				"INFOPLIST_KEY_UILaunchScreen_Generation" = "YES";
				"TARGETED_DEVICE_FAMILY" = "1,2";
				"CODE_SIGN_STYLE" = "Automatic";
				"ASSETCATALOG_COMPILER_APPICON_NAME" = "AppIcon";
				"LD_RUNPATH_SEARCH_PATHS" = (
					"$(inherited)",
					"@executable_path/Frameworks",
				);
				"SWIFT_VERSION" = "6.0";
				"PRODUCT_NAME" = "$(TARGET_NAME)";
				"INFOPLIST_KEY_UIApplicationSupportsIndirectInputEvents" = "YES";
				"INFOPLIST_KEY_UIApplicationSceneManifest_Generation" = "YES";
				"ENABLE_PREVIEWS" = "YES";
				"SWIFT_EMIT_LOC_STRINGS" = "YES";
				"GENERATE_INFOPLIST_FILE" = "YES";
				"SWIFT_STRICT_CONCURRENCY" = "complete";
				"IPHONEOS_DEPLOYMENT_TARGET" = "17.0";
			};
			"name" = "Release";
		};
		"027B171B9A676DDD1BFF3542" = {
			"isa" = "PBXContainerItemProxy";
			"containerPortal" = "0C015E382B212A6500253DED";
			"remoteGlobalIDString" = "0C015E3F2B212A6600253DED";
			"remoteInfo" = "RocketLaunch";
			"proxyType" = "1";
		};
		"0C015E632B212A6800253DED" = {
			"isa" = "XCBuildConfiguration";
			"buildSettings" = {
				"CLANG_WARN_UNGUARDED_AVAILABILITY" = "YES_AGGRESSIVE";
				"IPHONEOS_DEPLOYMENT_TARGET" = "17.0";
				"CLANG_ENABLE_OBJC_ARC" = "YES";
				"CLANG_WARN_DIRECT_OBJC_ISA_USAGE" = "YES_ERROR";
				"CLANG_WARN_SUSPICIOUS_MOVE" = "YES";
				"SWIFT_COMPILATION_MODE" = "wholemodule";
				"CLANG_WARN__DUPLICATE_METHOD_MATCH" = "YES";
				"CLANG_CXX_LIBRARY" = "libc++";
				"CLANG_WARN_INFINITE_RECURSION" = "YES";
				"CLANG_ENABLE_OBJC_WEAK" = "YES";
				"DEBUG_INFORMATION_FORMAT" = "dwarf-with-dsym";
				"CLANG_WARN_DOCUMENTATION_COMMENTS" = "YES";
				"CLANG_ANALYZER_NUMBER_OBJECT_CONVERSION" = "YES_AGGRESSIVE";
				"SDKROOT" = "iphoneos";
				"CLANG_CXX_LANGUAGE_STANDARD" = "gnu++17";
				"GCC_WARN_UNDECLARED_SELECTOR" = "YES";
				"CLANG_WARN_BOOL_CONVERSION" = "YES";
				"CLANG_WARN_UNREACHABLE_CODE" = "YES";
				"ENABLE_STRICT_OBJC_MSGSEND" = "YES";
				"CLANG_ANALYZER_NONNULL" = "YES";
				"CLANG_WARN_BLOCK_CAPTURE_AUTORELEASING" = "YES";
				"CLANG_WARN_STRICT_PROTOTYPES" = "YES";
				"CLANG_WARN_ENUM_CONVERSION" = "YES";
				"GCC_WARN_64_TO_32_BIT_CONVERSION" = "YES";
				"CLANG_WARN_QUOTED_INCLUDE_IN_FRAMEWORK_HEADER" = "YES";
				"GCC_WARN_UNINITIALIZED_AUTOS" = "YES_AGGRESSIVE";
				"CLANG_WARN_EMPTY_BODY" = "YES";
				"GCC_WARN_ABOUT_RETURN_TYPE" = "YES_ERROR";
				"CLANG_WARN_COMMA" = "YES";
				"GCC_WARN_UNUSED_VARIABLE" = "YES";
				"GCC_C_LANGUAGE_STANDARD" = "gnu11";
				"CLANG_WARN_RANGE_LOOP_ANALYSIS" = "YES";
				"CLANG_ENABLE_MODULES" = "YES";
				"CLANG_WARN_INT_CONVERSION" = "YES";
				"ALWAYS_SEARCH_USER_PATHS" = "NO";
				"CLANG_WARN_OBJC_ROOT_CLASS" = "YES_ERROR";
				"CLANG_WARN_DEPRECATED_OBJC_IMPLEMENTATIONS" = "YES";
				"COPY_PHASE_STRIP" = "NO";
				"CLANG_WARN_CONSTANT_CONVERSION" = "YES";
				"GCC_NO_COMMON_BLOCKS" = "YES";
				"MTL_ENABLE_DEBUG_INFO" = "NO";
				"SWIFT_OPTIMIZATION_LEVEL" = "-O";
				"CLANG_WARN_NON_LITERAL_NULL_CONVERSION" = "YES";
				"MTL_FAST_MATH" = "YES";
				"VALIDATE_PRODUCT" = "YES";
				"GCC_WARN_UNUSED_FUNCTION" = "YES";
				"CLANG_WARN_OBJC_LITERAL_CONVERSION" = "YES";
				"ENABLE_NS_ASSERTIONS" = "NO";
				"CLANG_WARN_OBJC_IMPLICIT_RETAIN_SELF" = "YES";
				"SWIFT_VERSION" = "6.0";
				"SWIFT_STRICT_CONCURRENCY" = "complete";
			};
			"name" = "Release";
		};
		"0C015E382B212A6500253DED" = {
			"buildConfigurationList" = "0C015E3B2B212A6600253DED";
			"targets" = (
				"0C015E3F2B212A6600253DED",
				"A1C04C8E3F7A200B12DAD9CE",
			);
			"developmentRegion" = "en";
			"knownRegions" = (
				"en",
				"Base",
			);
			"isa" = "PBXProject";
			"compatibilityVersion" = "Xcode 13.0";
			"productRefGroup" = "0C015E412B212A6600253DED";
			"projectDirPath" = "";
			"attributes" = {
				"LastSwiftUpdateCheck" = "1320";
				"BuildIndependentTargetsInParallel" = "1";
				"LastUpgradeCheck" = "1320";
				"TargetAttributes" = {
					"0C015E3F2B212A6600253DED" = {
						"CreatedOnToolsVersion" = "13.2.1";
					};
					"A1C04C8E3F7A200B12DAD9CE" = {
						"TestTargetID" = "0C015E3F2B212A6600253DED";
						"CreatedOnToolsVersion" = "26.0";
					};
				};
			};
			"hasScannedForEncodings" = "0";
			"projectRoot" = "";
			"mainGroup" = "0C015E372B212A6500253DED";
		};
		"0C015E3E2B212A6600253DED" = {
			"isa" = "PBXResourcesBuildPhase";
			"buildActionMask" = "2147483647";
			"files" = (
				"F5ED04DC95EFAC57323D87BD",
				"A711ECC14281D5A4A0D63017",
				"2D97C0DD7852443BA67149E5",
			);
			"runOnlyForDeploymentPostprocessing" = "0";
		};
		"0C015E412B212A6600253DED" = {
			"isa" = "PBXGroup";
			"name" = "Products";
			"children" = (
				"0C015E402B212A6600253DED",
				"8727599EBDD915AFBD1759E5",
			);
			"sourceTree" = "<group>";
		};
		"7204F110F5AF435AAAB4221A" = {
			"isa" = "PBXSourcesBuildPhase";
			"buildActionMask" = "2147483647";
			"files" = (
				"F6058977FFEB8E6858DBBD67",
				"39CE8771AA39797646EC7338",
				"4A1E14875F4C651F2D31A00F",
				"226732CA8B4D451225510FE4",
				"8B73DA98BAC6FA42E29D6A98",
				"AD314A2629F09C3736C3D237",
				"16C0A180733C0360412B7D8E",
				"2902723AF79DE76B3BE7F686",
			);
			"runOnlyForDeploymentPostprocessing" = "0";
		};
		"8727599EBDD915AFBD1759E5" = {
			"path" = "RocketLaunchTests.xctest";
			"isa" = "PBXFileReference";
			"explicitFileType" = "wrapper.cfbundle";
			"sourceTree" = "BUILT_PRODUCTS_DIR";
		};
		"0C015E3B2B212A6600253DED" = {
			"isa" = "XCConfigurationList";
			"defaultConfigurationIsVisible" = "0";
			"defaultConfigurationName" = "Release";
			"buildConfigurations" = (
				"0C015E622B212A6800253DED",
				"0C015E632B212A6800253DED",
			);
		};
		"226134F68FBBA6E336171CD1" = {
			"isa" = "XCConfigurationList";
			"defaultConfigurationIsVisible" = "0";
			"defaultConfigurationName" = "Release";
			"buildConfigurations" = (
				"4D578534C7BC805D6E9873C2",
				"71B8ED3D26CA7B1313A07E5F",
			);
		};
		"51BBAFC10442CA7470E6702B" = {
			"isa" = "PBXTargetDependency";
			"target" = "0C015E3F2B212A6600253DED";
			"targetProxy" = "027B171B9A676DDD1BFF3542";
		};
		"4D578534C7BC805D6E9873C2" = {
			"isa" = "XCBuildConfiguration";
			"name" = "Debug";
			"buildSettings" = {
				"GENERATE_INFOPLIST_FILE" = "YES";
				"DEVELOPMENT_TEAM" = "AE3J8T4WV6";
				"IPHONEOS_DEPLOYMENT_TARGET" = "17.0";
				"TEST_HOST" = "$(BUILT_PRODUCTS_DIR)/RocketLaunch.app/$(BUNDLE_EXECUTABLE_FOLDER_PATH)/RocketLaunch";
				"LD_RUNPATH_SEARCH_PATHS" = (
					"$(inherited)",
					"@executable_path/Frameworks",
					"@loader_path/Frameworks",
				);
				"PRODUCT_BUNDLE_IDENTIFIER" = "com.swiftsimplified.rocketlaunch.RocketLaunchTests";
				"SWIFT_VERSION" = "6.0";
				"CODE_SIGN_STYLE" = "Automatic";
				"BUNDLE_LOADER" = "$(TEST_HOST)";
				"PRODUCT_NAME" = "$(TARGET_NAME)";
				"TARGETED_DEVICE_FAMILY" = "1,2";
				"SWIFT_STRICT_CONCURRENCY" = "complete";
			};
		};
		"0C015E642B212A6800253DED" = {
			"isa" = "XCConfigurationList";
			"defaultConfigurationIsVisible" = "0";
			"defaultConfigurationName" = "Release";
			"buildConfigurations" = (
				"0C015E652B212A6800253DED",
				"0C015E662B212A6800253DED",
			);
		};
		"F03BE7BE3DDB64BFA215CA25" = {
			"isa" = "PBXGroup";
			"path" = "1 - View";
			"sourceTree" = "<group>";
			"children" = (
				"A6A4359B32CE6C8CAC6B9ED3",
				"B1CA5E0B93EB63A3F674247A",
				"08CAA8DB30623CBE82AE04CD",
				"64D80A155F9C5412A27F945D",
			);
		};
		"A6A4359B32CE6C8CAC6B9ED3" = {
			"isa" = "PBXFileReference";
			"lastKnownFileType" = "sourcecode.swift";
			"path" = "ContentView.swift";
			"sourceTree" = "<group>";
		};
		"2D814B9C3C735E2E39113D64" = {
			"isa" = "PBXBuildFile";
			"fileRef" = "A6A4359B32CE6C8CAC6B9ED3";
		};
		"B1CA5E0B93EB63A3F674247A" = {
			"isa" = "PBXFileReference";
			"lastKnownFileType" = "sourcecode.swift";
			"path" = "RocketLaunchApp.swift";
			"sourceTree" = "<group>";
		};
		"9E9C591FFEE3B2A3822F3A1A" = {
			"isa" = "PBXBuildFile";
			"fileRef" = "B1CA5E0B93EB63A3F674247A";
		};
		"08CAA8DB30623CBE82AE04CD" = {
			"isa" = "PBXGroup";
			"path" = "Theme";
			"sourceTree" = "<group>";
			"children" = (
				"0708E9DA54F15EB2B22F4235",
				"B51B06C03E02E5BDBDB6ED9C",
			);
		};
		"0708E9DA54F15EB2B22F4235" = {
			"isa" = "PBXFileReference";
			"lastKnownFileType" = "sourcecode.swift";
			"path" = "AppColourTheme.swift";
			"sourceTree" = "<group>";
		};
		"C5AC034AAAE9C2E0236B94CA" = {
			"isa" = "PBXBuildFile";
			"fileRef" = "0708E9DA54F15EB2B22F4235";
		};
		"B51B06C03E02E5BDBDB6ED9C" = {
			"isa" = "PBXFileReference";
			"lastKnownFileType" = "sourcecode.swift";
			"path" = "ThemeManager.swift";
			"sourceTree" = "<group>";
		};
		"3CB7B45425CB9DCB67D8A234" = {
			"isa" = "PBXBuildFile";
			"fileRef" = "B51B06C03E02E5BDBDB6ED9C";
		};
		"64D80A155F9C5412A27F945D" = {
			"isa" = "PBXGroup";
			"path" = "Views";
			"sourceTree" = "<group>";
			"children" = (
				"59BF3C8797FBE4A3A23CF1AC",
			);
		};
		"59BF3C8797FBE4A3A23CF1AC" = {
			"isa" = "PBXGroup";
			"path" = "LaunchSchedule";
			"sourceTree" = "<group>";
			"children" = (
				"72E8129612F8172D7763F3D5",
				"58A5C8BFB9265FBDFB7ED40B",
			);
		};
		"72E8129612F8172D7763F3D5" = {
			"isa" = "PBXFileReference";
			"lastKnownFileType" = "sourcecode.swift";
			"path" = "LaunchScheduleView.swift";
			"sourceTree" = "<group>";
		};
		"A77192A88CC668C7B385A0D7" = {
			"isa" = "PBXBuildFile";
			"fileRef" = "72E8129612F8172D7763F3D5";
		};
		"58A5C8BFB9265FBDFB7ED40B" = {
			"isa" = "PBXFileReference";
			"lastKnownFileType" = "sourcecode.swift";
			"path" = "LaunchScheduleViewModel.swift";
			"sourceTree" = "<group>";
		};
		"4D2FA66A637E666D17D05682" = {
			"isa" = "PBXBuildFile";
			"fileRef" = "58A5C8BFB9265FBDFB7ED40B";
		};
		"18437FEA6E2D4CBF3CA54385" = {
			"isa" = "PBXGroup";
			"path" = "2 - AppModel";
			"sourceTree" = "<group>";
			"children" = (
				"0F149E9826C3D5F239A29CF4",
				"2EA1047E28D9F93EC2BB5EED",
			);
		};
		"0F149E9826C3D5F239A29CF4" = {
			"isa" = "PBXFileReference";
			"lastKnownFileType" = "sourcecode.swift";
			"path" = "AppModel.swift";
			"sourceTree" = "<group>";
		};
		"210F0EFB74899257C00AF13A" = {
			"isa" = "PBXBuildFile";
			"fileRef" = "0F149E9826C3D5F239A29CF4";
		};
		"2EA1047E28D9F93EC2BB5EED" = {
			"isa" = "PBXGroup";
			"path" = "Features";
			"sourceTree" = "<group>";
			"children" = (
				"6CB6337847237203B7FAEAB7",
			);
		};
		"6CB6337847237203B7FAEAB7" = {
			"isa" = "PBXGroup";
			"path" = "Launch Schedule";
			"sourceTree" = "<group>";
			"children" = (
				"4DD8FD02250B1B0B036B1878",
				"71DCC2F5E5B68050A7A30C8A",
				"6C2E8C87E034E94C41A37804",
				"6CEFBA188D76B1BB677E11F8",
			);
		};
		"4DD8FD02250B1B0B036B1878" = {
			"isa" = "PBXFileReference";
			"lastKnownFileType" = "sourcecode.swift";
			"path" = "LaunchScheduleFeature.swift";
			"sourceTree" = "<group>";
		};
		"011419AF3EBBEF8D3D0A9756" = {
			"isa" = "PBXBuildFile";
			"fileRef" = "4DD8FD02250B1B0B036B1878";
		};
		"71DCC2F5E5B68050A7A30C8A" = {
			"isa" = "PBXFileReference";
			"lastKnownFileType" = "sourcecode.swift";
			"path" = "LaunchScheduleManager.swift";
			"sourceTree" = "<group>";
		};
		"650D1F72675866403091D9B5" = {
			"isa" = "PBXBuildFile";
			"fileRef" = "71DCC2F5E5B68050A7A30C8A";
		};
		"6C2E8C87E034E94C41A37804" = {
			"isa" = "PBXGroup";
			"path" = "Networking";
			"sourceTree" = "<group>";
			"children" = (
				"66876FA3E22A3B2FFDE6B00A",
				"DB71FDC981BB48D015DEE9EC",
			);
		};
		"66876FA3E22A3B2FFDE6B00A" = {
			"isa" = "PBXFileReference";
			"lastKnownFileType" = "sourcecode.swift";
			"path" = "LaunchRepository.swift";
			"sourceTree" = "<group>";
		};
		"BFCB555EF76613F20AC19FED" = {
			"isa" = "PBXBuildFile";
			"fileRef" = "66876FA3E22A3B2FFDE6B00A";
		};
		"DB71FDC981BB48D015DEE9EC" = {
			"isa" = "PBXFileReference";
			"lastKnownFileType" = "sourcecode.swift";
			"path" = "RocketLaunchAPI.swift";
			"sourceTree" = "<group>";
		};
		"4F4ED4B5F2B6530219B555D6" = {
			"isa" = "PBXBuildFile";
			"fileRef" = "DB71FDC981BB48D015DEE9EC";
		};
		"6CEFBA188D76B1BB677E11F8" = {
			"isa" = "PBXFileReference";
			"lastKnownFileType" = "sourcecode.swift";
			"path" = "RocketLaunchDataTypes.swift";
			"sourceTree" = "<group>";
		};
		"351A6003F48EF35CC5ABBB85" = {
			"isa" = "PBXBuildFile";
			"fileRef" = "6CEFBA188D76B1BB677E11F8";
		};
		"1A19947DD326956E0D1755C1" = {
			"isa" = "PBXGroup";
			"path" = "3 - App Resources";
			"sourceTree" = "<group>";
			"children" = (
				"7C17D993347D966D584C1CBD",
				"EA008485148EA7C256548083",
				"A960E0841A239C890B60CC2B",
			);
		};
		"7C17D993347D966D584C1CBD" = {
			"isa" = "PBXFileReference";
			"lastKnownFileType" = "folder.assetcatalog";
			"path" = "Assets.xcassets";
			"sourceTree" = "<group>";
		};
		"F5ED04DC95EFAC57323D87BD" = {
			"isa" = "PBXBuildFile";
			"fileRef" = "7C17D993347D966D584C1CBD";
		};
		"EA008485148EA7C256548083" = {
			"isa" = "PBXGroup";
			"path" = "Preview Content";
			"sourceTree" = "<group>";
			"children" = (
				"796262C758B2DE50DEE95636",
			);
		};
		"796262C758B2DE50DEE95636" = {
			"isa" = "PBXFileReference";
			"lastKnownFileType" = "folder.assetcatalog";
			"path" = "Preview Assets.xcassets";
			"sourceTree" = "<group>";
		};
		"A711ECC14281D5A4A0D63017" = {
			"isa" = "PBXBuildFile";
			"fileRef" = "796262C758B2DE50DEE95636";
		};
		"A960E0841A239C890B60CC2B" = {
			"isa" = "PBXFileReference";
			"lastKnownFileType" = "text.json";
			"path" = "TestData.json";
			"sourceTree" = "<group>";
		};
		"2D97C0DD7852443BA67149E5" = {
			"isa" = "PBXBuildFile";
			"fileRef" = "A960E0841A239C890B60CC2B";
		};
		"28019D8E9869DDAD5FF23F69" = {
			"isa" = "PBXGroup";
			"path" = "AppModel tests";
			"sourceTree" = "<group>";
			"children" = (
				"4CDAEEE334939E0FB3E5EDFC",
				"E510D2A09CAD4284DB58DB29",
			);
		};
		"4CDAEEE334939E0FB3E5EDFC" = {
			"isa" = "PBXFileReference";
			"lastKnownFileType" = "sourcecode.swift";
			"path" = "AppModelTests.swift";
			"sourceTree" = "<group>";
		};
		"F6058977FFEB8E6858DBBD67" = {
			"isa" = "PBXBuildFile";
			"fileRef" = "4CDAEEE334939E0FB3E5EDFC";
		};
		"E510D2A09CAD4284DB58DB29" = {
			"isa" = "PBXGroup";
			"path" = "Launch Schedule";
			"sourceTree" = "<group>";
			"children" = (
				"723C2A0BF53D93A8DAB2A685",
				"9BFD43D9F3FF9745D387E8B3",
				"C9518104C8BA894B42782132",
			);
		};
		"723C2A0BF53D93A8DAB2A685" = {
			"isa" = "PBXFileReference";
			"lastKnownFileType" = "sourcecode.swift";
			"path" = "LaunchDecodingTests.swift";
			"sourceTree" = "<group>";
		};
		"39CE8771AA39797646EC7338" = {
			"isa" = "PBXBuildFile";
			"fileRef" = "723C2A0BF53D93A8DAB2A685";
		};
		"9BFD43D9F3FF9745D387E8B3" = {
			"isa" = "PBXFileReference";
			"lastKnownFileType" = "sourcecode.swift";
			"path" = "LaunchScheduleManagerTests.swift";
			"sourceTree" = "<group>";
		};
		"4A1E14875F4C651F2D31A00F" = {
			"isa" = "PBXBuildFile";
			"fileRef" = "9BFD43D9F3FF9745D387E8B3";
		};
		"C9518104C8BA894B42782132" = {
			"isa" = "PBXFileReference";
			"lastKnownFileType" = "sourcecode.swift";
			"path" = "RocketLaunchAPITests.swift";
			"sourceTree" = "<group>";
		};
		"226732CA8B4D451225510FE4" = {
			"isa" = "PBXBuildFile";
			"fileRef" = "C9518104C8BA894B42782132";
		};
		"3E9F07B4410DE7054B1C2489" = {
			"isa" = "PBXGroup";
			"path" = "Fixtures";
			"sourceTree" = "<group>";
			"children" = (
				"14AFA0E60B1EDF5C4ED566A7",
			);
		};
		"14AFA0E60B1EDF5C4ED566A7" = {
			"isa" = "PBXFileReference";
			"lastKnownFileType" = "text.json";
			"path" = "launch-response.json";
			"sourceTree" = "<group>";
		};
		"660544F5092671121163B067" = {
			"isa" = "PBXBuildFile";
			"fileRef" = "14AFA0E60B1EDF5C4ED566A7";
		};
		"12B7704C8A89F243543FDED1" = {
			"isa" = "PBXGroup";
			"path" = "Test Support";
			"sourceTree" = "<group>";
			"children" = (
				"96FA0C1B57CF16F4D484B9E3",
				"39B014467475ABA93C9A0FB8",
			);
		};
		"96FA0C1B57CF16F4D484B9E3" = {
			"isa" = "PBXFileReference";
			"lastKnownFileType" = "sourcecode.swift";
			"path" = "LaunchFixtures.swift";
			"sourceTree" = "<group>";
		};
		"8B73DA98BAC6FA42E29D6A98" = {
			"isa" = "PBXBuildFile";
			"fileRef" = "96FA0C1B57CF16F4D484B9E3";
		};
		"39B014467475ABA93C9A0FB8" = {
			"isa" = "PBXFileReference";
			"lastKnownFileType" = "sourcecode.swift";
			"path" = "StubURLProtocol.swift";
			"sourceTree" = "<group>";
		};
		"AD314A2629F09C3736C3D237" = {
			"isa" = "PBXBuildFile";
			"fileRef" = "39B014467475ABA93C9A0FB8";
		};
		"91DA622286FF2FEB3B87F3BD" = {
			"isa" = "PBXGroup";
			"path" = "View model tests";
			"sourceTree" = "<group>";
			"children" = (
				"4E807A9D1C71066E900A6792",
				"75635FEFD990C35E2482197D",
			);
		};
		"4E807A9D1C71066E900A6792" = {
			"isa" = "PBXFileReference";
			"lastKnownFileType" = "sourcecode.swift";
			"path" = "LaunchScheduleViewModelTests.swift";
			"sourceTree" = "<group>";
		};
		"16C0A180733C0360412B7D8E" = {
			"isa" = "PBXBuildFile";
			"fileRef" = "4E807A9D1C71066E900A6792";
		};
		"75635FEFD990C35E2482197D" = {
			"isa" = "PBXFileReference";
			"lastKnownFileType" = "sourcecode.swift";
			"path" = "ThemeManagerTests.swift";
			"sourceTree" = "<group>";
		};
		"2902723AF79DE76B3BE7F686" = {
			"isa" = "PBXBuildFile";
			"fileRef" = "75635FEFD990C35E2482197D";
		};
	};
	"rootObject" = "0C015E382B212A6500253DED";
}
