// !$*UTF8*$!
{
	archiveVersion = 1;
	classes = {
	};
	objectVersion = 55;
	objects = {

/* Begin PBXBuildFile section */
		16C0A180733C0360412B7D8E /* LaunchScheduleViewModelTests.swift in Sources */ = {isa = PBXBuildFile; fileRef = 4E807A9D1C71066E900A6792 /* LaunchScheduleViewModelTests.swift */; };
		210F0EFB74899257C00AF13A /* AppModel.swift in Sources */ = {isa = PBXBuildFile; fileRef = 0F149E9826C3D5F239A29CF4 /* AppModel.swift */; };
		226732CA8B4D451225510FE4 /* RocketLaunchAPITests.swift in Sources */ = {isa = PBXBuildFile; fileRef = C9518104C8BA894B42782132 /* RocketLaunchAPITests.swift */; };
		2902723AF79DE76B3BE7F686 /* ThemeManagerTests.swift in Sources */ = {isa = PBXBuildFile; fileRef = 75635FEFD990C35E2482197D /* ThemeManagerTests.swift */; };
		2D814B9C3C735E2E39113D64 /* ContentView.swift in Sources */ = {isa = PBXBuildFile; fileRef = A6A4359B32CE6C8CAC6B9ED3 /* ContentView.swift */; };
		2D97C0DD7852443BA67149E5 /* TestData.json in Resources */ = {isa = PBXBuildFile; fileRef = A960E0841A239C890B60CC2B /* TestData.json */; };
		351A6003F48EF35CC5ABBB85 /* RocketLaunchDataTypes.swift in Sources */ = {isa = PBXBuildFile; fileRef = 6CEFBA188D76B1BB677E11F8 /* RocketLaunchDataTypes.swift */; };
		39CE8771AA39797646EC7338 /* LaunchDecodingTests.swift in Sources */ = {isa = PBXBuildFile; fileRef = 723C2A0BF53D93A8DAB2A685 /* LaunchDecodingTests.swift */; };
		3CB7B45425CB9DCB67D8A234 /* ThemeManager.swift in Sources */ = {isa = PBXBuildFile; fileRef = B51B06C03E02E5BDBDB6ED9C /* ThemeManager.swift */; };
		4A1E14875F4C651F2D31A00F /* LaunchScheduleFeatureTests.swift in Sources */ = {isa = PBXBuildFile; fileRef = 9BFD43D9F3FF9745D387E8B3 /* LaunchScheduleFeatureTests.swift */; };
		4D2FA66A637E666D17D05682 /* LaunchScheduleViewModel.swift in Sources */ = {isa = PBXBuildFile; fileRef = 58A5C8BFB9265FBDFB7ED40B /* LaunchScheduleViewModel.swift */; };
		4F4ED4B5F2B6530219B555D6 /* RocketLaunchAPI.swift in Sources */ = {isa = PBXBuildFile; fileRef = DB71FDC981BB48D015DEE9EC /* RocketLaunchAPI.swift */; };
		650D1F72675866403091D9B5 /* LaunchScheduleFeature.swift in Sources */ = {isa = PBXBuildFile; fileRef = 71DCC2F5E5B68050A7A30C8A /* LaunchScheduleFeature.swift */; };
		660544F5092671121163B067 /* launch-response.json in Resources */ = {isa = PBXBuildFile; fileRef = 14AFA0E60B1EDF5C4ED566A7 /* launch-response.json */; };
		8B73DA98BAC6FA42E29D6A98 /* LaunchFixtures.swift in Sources */ = {isa = PBXBuildFile; fileRef = 96FA0C1B57CF16F4D484B9E3 /* LaunchFixtures.swift */; };
		9E9C591FFEE3B2A3822F3A1A /* RocketLaunchApp.swift in Sources */ = {isa = PBXBuildFile; fileRef = B1CA5E0B93EB63A3F674247A /* RocketLaunchApp.swift */; };
		A711ECC14281D5A4A0D63017 /* Preview Assets.xcassets in Resources */ = {isa = PBXBuildFile; fileRef = 796262C758B2DE50DEE95636 /* Preview Assets.xcassets */; };
		A77192A88CC668C7B385A0D7 /* LaunchScheduleView.swift in Sources */ = {isa = PBXBuildFile; fileRef = 72E8129612F8172D7763F3D5 /* LaunchScheduleView.swift */; };
		AD314A2629F09C3736C3D237 /* StubURLProtocol.swift in Sources */ = {isa = PBXBuildFile; fileRef = 39B014467475ABA93C9A0FB8 /* StubURLProtocol.swift */; };
		BFCB555EF76613F20AC19FED /* LaunchRepository.swift in Sources */ = {isa = PBXBuildFile; fileRef = 66876FA3E22A3B2FFDE6B00A /* LaunchRepository.swift */; };
		C5AC034AAAE9C2E0236B94CA /* AppColourTheme.swift in Sources */ = {isa = PBXBuildFile; fileRef = 0708E9DA54F15EB2B22F4235 /* AppColourTheme.swift */; };
		F5ED04DC95EFAC57323D87BD /* Assets.xcassets in Resources */ = {isa = PBXBuildFile; fileRef = 7C17D993347D966D584C1CBD /* Assets.xcassets */; };
		F6058977FFEB8E6858DBBD67 /* AppModelTests.swift in Sources */ = {isa = PBXBuildFile; fileRef = 4CDAEEE334939E0FB3E5EDFC /* AppModelTests.swift */; };
		C71295EF9F333CF055E11A17 /* AppPresentation.swift in Sources */ = {isa = PBXBuildFile; fileRef = D2C931B54B8C8C0797125440; };
		5900175C78A56AE96FD7AA37 /* AboutView.swift in Sources */ = {isa = PBXBuildFile; fileRef = D2EA7DB1A9044D47551CE4CA; };
		D742B6F54A5210A60DE2925C = {isa = PBXBuildFile; fileRef = ECF3AA58DF64286E918A8453; };
		2338D39EF5D218558C7916FA = {isa = PBXBuildFile; fileRef = 6B9AA865F333AFF8BBCF1CB7; };
		71EE6C4EB964B7D50B88E3A0 = {isa = PBXBuildFile; fileRef = 57C37ACE8DE78CB7F8AD428D; };
/* End PBXBuildFile section */

/* Begin PBXContainerItemProxy section */
		027B171B9A676DDD1BFF3542 /* PBXContainerItemProxy */ = {
			isa = PBXContainerItemProxy;
			containerPortal = 0C015E382B212A6500253DED /* Project object */;
			proxyType = 1;
			remoteGlobalIDString = 0C015E3F2B212A6600253DED;
			remoteInfo = RocketLaunch;
		};
/* End PBXContainerItemProxy section */

/* Begin PBXFileReference section */
		0708E9DA54F15EB2B22F4235 /* AppColourTheme.swift */ = {isa = PBXFileReference; lastKnownFileType = sourcecode.swift; path = AppColourTheme.swift; sourceTree = "<group>"; };
		0C015E402B212A6600253DED /* RocketLaunch.app */ = {isa = PBXFileReference; explicitFileType = wrapper.application; includeInIndex = 0; path = RocketLaunch.app; sourceTree = BUILT_PRODUCTS_DIR; };
		0F149E9826C3D5F239A29CF4 /* AppModel.swift */ = {isa = PBXFileReference; lastKnownFileType = sourcecode.swift; path = AppModel.swift; sourceTree = "<group>"; };
		14AFA0E60B1EDF5C4ED566A7 /* launch-response.json */ = {isa = PBXFileReference; lastKnownFileType = text.json; path = "launch-response.json"; sourceTree = "<group>"; };
		39B014467475ABA93C9A0FB8 /* StubURLProtocol.swift */ = {isa = PBXFileReference; lastKnownFileType = sourcecode.swift; path = StubURLProtocol.swift; sourceTree = "<group>"; };
		4CDAEEE334939E0FB3E5EDFC /* AppModelTests.swift */ = {isa = PBXFileReference; lastKnownFileType = sourcecode.swift; path = AppModelTests.swift; sourceTree = "<group>"; };
		4E807A9D1C71066E900A6792 /* LaunchScheduleViewModelTests.swift */ = {isa = PBXFileReference; lastKnownFileType = sourcecode.swift; path = LaunchScheduleViewModelTests.swift; sourceTree = "<group>"; };
		58A5C8BFB9265FBDFB7ED40B /* LaunchScheduleViewModel.swift */ = {isa = PBXFileReference; lastKnownFileType = sourcecode.swift; path = LaunchScheduleViewModel.swift; sourceTree = "<group>"; };
		66876FA3E22A3B2FFDE6B00A /* LaunchRepository.swift */ = {isa = PBXFileReference; lastKnownFileType = sourcecode.swift; path = LaunchRepository.swift; sourceTree = "<group>"; };
		6CEFBA188D76B1BB677E11F8 /* RocketLaunchDataTypes.swift */ = {isa = PBXFileReference; lastKnownFileType = sourcecode.swift; path = RocketLaunchDataTypes.swift; sourceTree = "<group>"; };
		71DCC2F5E5B68050A7A30C8A /* LaunchScheduleFeature.swift */ = {isa = PBXFileReference; lastKnownFileType = sourcecode.swift; path = LaunchScheduleFeature.swift; sourceTree = "<group>"; };
		723C2A0BF53D93A8DAB2A685 /* LaunchDecodingTests.swift */ = {isa = PBXFileReference; lastKnownFileType = sourcecode.swift; path = LaunchDecodingTests.swift; sourceTree = "<group>"; };
		72E8129612F8172D7763F3D5 /* LaunchScheduleView.swift */ = {isa = PBXFileReference; lastKnownFileType = sourcecode.swift; path = LaunchScheduleView.swift; sourceTree = "<group>"; };
		75635FEFD990C35E2482197D /* ThemeManagerTests.swift */ = {isa = PBXFileReference; lastKnownFileType = sourcecode.swift; path = ThemeManagerTests.swift; sourceTree = "<group>"; };
		796262C758B2DE50DEE95636 /* Preview Assets.xcassets */ = {isa = PBXFileReference; lastKnownFileType = folder.assetcatalog; path = "Preview Assets.xcassets"; sourceTree = "<group>"; };
		7C17D993347D966D584C1CBD /* Assets.xcassets */ = {isa = PBXFileReference; lastKnownFileType = folder.assetcatalog; path = Assets.xcassets; sourceTree = "<group>"; };
		8727599EBDD915AFBD1759E5 /* RocketLaunchTests.xctest */ = {isa = PBXFileReference; explicitFileType = wrapper.cfbundle; path = RocketLaunchTests.xctest; sourceTree = BUILT_PRODUCTS_DIR; };
		96FA0C1B57CF16F4D484B9E3 /* LaunchFixtures.swift */ = {isa = PBXFileReference; lastKnownFileType = sourcecode.swift; path = LaunchFixtures.swift; sourceTree = "<group>"; };
		9BFD43D9F3FF9745D387E8B3 /* LaunchScheduleFeatureTests.swift */ = {isa = PBXFileReference; lastKnownFileType = sourcecode.swift; path = LaunchScheduleFeatureTests.swift; sourceTree = "<group>"; };
		A6A4359B32CE6C8CAC6B9ED3 /* ContentView.swift */ = {isa = PBXFileReference; lastKnownFileType = sourcecode.swift; path = ContentView.swift; sourceTree = "<group>"; };
		A960E0841A239C890B60CC2B /* TestData.json */ = {isa = PBXFileReference; lastKnownFileType = text.json; path = TestData.json; sourceTree = "<group>"; };
		B1CA5E0B93EB63A3F674247A /* RocketLaunchApp.swift */ = {isa = PBXFileReference; lastKnownFileType = sourcecode.swift; path = RocketLaunchApp.swift; sourceTree = "<group>"; };
		B51B06C03E02E5BDBDB6ED9C /* ThemeManager.swift */ = {isa = PBXFileReference; lastKnownFileType = sourcecode.swift; path = ThemeManager.swift; sourceTree = "<group>"; };
		C9518104C8BA894B42782132 /* RocketLaunchAPITests.swift */ = {isa = PBXFileReference; lastKnownFileType = sourcecode.swift; path = RocketLaunchAPITests.swift; sourceTree = "<group>"; };
		DB71FDC981BB48D015DEE9EC /* RocketLaunchAPI.swift */ = {isa = PBXFileReference; lastKnownFileType = sourcecode.swift; path = RocketLaunchAPI.swift; sourceTree = "<group>"; };
		D2C931B54B8C8C0797125440 = {isa = PBXFileReference; lastKnownFileType = sourcecode.swift; path = AppPresentation.swift; sourceTree = "<group>"; };
		D2EA7DB1A9044D47551CE4CA = {isa = PBXFileReference; lastKnownFileType = sourcecode.swift; path = AboutView.swift; sourceTree = "<group>"; };
		ECF3AA58DF64286E918A8453 = {isa = PBXFileReference; lastKnownFileType = sourcecode.swift; path = OperatorLaunchesView.swift; sourceTree = "<group>"; };
		6B9AA865F333AFF8BBCF1CB7 = {isa = PBXFileReference; lastKnownFileType = sourcecode.swift; path = LaunchLibraryAPI.swift; sourceTree = "<group>"; };
		57C37ACE8DE78CB7F8AD428D = {isa = PBXFileReference; lastKnownFileType = sourcecode.swift; path = SpaceXAPI.swift; sourceTree = "<group>"; };
/* End PBXFileReference section */

/* Begin PBXFrameworksBuildPhase section */
		0C015E3D2B212A6600253DED /* Frameworks */ = {
			isa = PBXFrameworksBuildPhase;
			buildActionMask = 2147483647;
			files = (
			);
			runOnlyForDeploymentPostprocessing = 0;
		};
		570F49B68451AEDD4ACAAE90 /* Frameworks */ = {
			isa = PBXFrameworksBuildPhase;
			buildActionMask = 2147483647;
			files = (
			);
			runOnlyForDeploymentPostprocessing = 0;
		};
/* End PBXFrameworksBuildPhase section */

/* Begin PBXGroup section */
		08CAA8DB30623CBE82AE04CD /* Theme */ = {
			isa = PBXGroup;
			children = (
				0708E9DA54F15EB2B22F4235 /* AppColourTheme.swift */,
				B51B06C03E02E5BDBDB6ED9C /* ThemeManager.swift */,
			);
			path = Theme;
			sourceTree = "<group>";
		};
		0C015E372B212A6500253DED = {
			isa = PBXGroup;
			children = (
				0C015E422B212A6600253DED /* RocketLaunch */,
				0C015E412B212A6600253DED /* Products */,
				1B87928362F55FA8518C4CF2 /* RocketLaunchTests */,
			);
			sourceTree = "<group>";
		};
		0C015E412B212A6600253DED /* Products */ = {
			isa = PBXGroup;
			children = (
				0C015E402B212A6600253DED /* RocketLaunch.app */,
				8727599EBDD915AFBD1759E5 /* RocketLaunchTests.xctest */,
			);
			name = Products;
			sourceTree = "<group>";
		};
		0C015E422B212A6600253DED /* RocketLaunch */ = {
			isa = PBXGroup;
			children = (
				F03BE7BE3DDB64BFA215CA25 /* 1 - View */,
				18437FEA6E2D4CBF3CA54385 /* 2 - AppModel */,
				1A19947DD326956E0D1755C1 /* 3 - App Resources */,
			);
			path = RocketLaunch;
			sourceTree = "<group>";
		};
		12B7704C8A89F243543FDED1 /* Test Support */ = {
			isa = PBXGroup;
			children = (
				96FA0C1B57CF16F4D484B9E3 /* LaunchFixtures.swift */,
				39B014467475ABA93C9A0FB8 /* StubURLProtocol.swift */,
			);
			path = "Test Support";
			sourceTree = "<group>";
		};
		18437FEA6E2D4CBF3CA54385 /* 2 - AppModel */ = {
			isa = PBXGroup;
			children = (
				0F149E9826C3D5F239A29CF4 /* AppModel.swift */,
				2EA1047E28D9F93EC2BB5EED /* Features */,
			);
			path = "2 - AppModel";
			sourceTree = "<group>";
		};
		1A19947DD326956E0D1755C1 /* 3 - App Resources */ = {
			isa = PBXGroup;
			children = (
				7C17D993347D966D584C1CBD /* Assets.xcassets */,
				EA008485148EA7C256548083 /* Preview Content */,
				A960E0841A239C890B60CC2B /* TestData.json */,
			);
			path = "3 - App Resources";
			sourceTree = "<group>";
		};
		1B87928362F55FA8518C4CF2 /* RocketLaunchTests */ = {
			isa = PBXGroup;
			children = (
				28019D8E9869DDAD5FF23F69 /* AppModel tests */,
				3E9F07B4410DE7054B1C2489 /* Fixtures */,
				12B7704C8A89F243543FDED1 /* Test Support */,
				91DA622286FF2FEB3B87F3BD /* View model tests */,
			);
			path = RocketLaunchTests;
			sourceTree = "<group>";
		};
		28019D8E9869DDAD5FF23F69 /* AppModel tests */ = {
			isa = PBXGroup;
			children = (
				4CDAEEE334939E0FB3E5EDFC /* AppModelTests.swift */,
				E510D2A09CAD4284DB58DB29 /* Launch Schedule */,
			);
			path = "AppModel tests";
			sourceTree = "<group>";
		};
		2EA1047E28D9F93EC2BB5EED /* Features */ = {
			isa = PBXGroup;
			children = (
				6CB6337847237203B7FAEAB7 /* Launch Schedule */,
			);
			path = Features;
			sourceTree = "<group>";
		};
		3E9F07B4410DE7054B1C2489 /* Fixtures */ = {
			isa = PBXGroup;
			children = (
				14AFA0E60B1EDF5C4ED566A7 /* launch-response.json */,
			);
			path = Fixtures;
			sourceTree = "<group>";
		};
		59BF3C8797FBE4A3A23CF1AC /* LaunchSchedule */ = {
			isa = PBXGroup;
			children = (
				72E8129612F8172D7763F3D5 /* LaunchScheduleView.swift */,
				58A5C8BFB9265FBDFB7ED40B /* LaunchScheduleViewModel.swift */,
			);
			path = LaunchSchedule;
			sourceTree = "<group>";
		};
		64D80A155F9C5412A27F945D /* Views */ = {
			isa = PBXGroup;
			children = (
				59BF3C8797FBE4A3A23CF1AC /* LaunchSchedule */,
				5E04A7F3004B799FE6627D22,
				AA8ACBD186B991A40F505A85,
				2D2C9E90B57E87F89DFBC817,
			);
			path = Views;
			sourceTree = "<group>";
		};
		6CB6337847237203B7FAEAB7 /* Launch Schedule */ = {
			isa = PBXGroup;
			children = (
				7B08A9B9304E8A5A00096A29 /* Rocket Launch API */,
				71DCC2F5E5B68050A7A30C8A /* LaunchScheduleFeature.swift */,
				D43A9F7790FB4DB1FFCD4912,
				6C85A65CD7956631ADE2DD3F,
				7B08A9BA304E8A6800096A29 /* Cached Launches */,
			);
			path = "Launch Schedule";
			sourceTree = "<group>";
		};
		7B08A9B9304E8A5A00096A29 /* Rocket Launch API */ = {
			isa = PBXGroup;
			children = (
				DB71FDC981BB48D015DEE9EC /* RocketLaunchAPI.swift */,
				6CEFBA188D76B1BB677E11F8 /* RocketLaunchDataTypes.swift */,
			);
			path = "Rocket Launch API";
			sourceTree = "<group>";
		};
		7B08A9BA304E8A6800096A29 /* Cached Launches */ = {
			isa = PBXGroup;
			children = (
				66876FA3E22A3B2FFDE6B00A /* LaunchRepository.swift */,
			);
			path = "Cached Launches";
			sourceTree = "<group>";
		};
		91DA622286FF2FEB3B87F3BD /* View model tests */ = {
			isa = PBXGroup;
			children = (
				4E807A9D1C71066E900A6792 /* LaunchScheduleViewModelTests.swift */,
				75635FEFD990C35E2482197D /* ThemeManagerTests.swift */,
			);
			path = "View model tests";
			sourceTree = "<group>";
		};
		E510D2A09CAD4284DB58DB29 /* Launch Schedule */ = {
			isa = PBXGroup;
			children = (
				723C2A0BF53D93A8DAB2A685 /* LaunchDecodingTests.swift */,
				9BFD43D9F3FF9745D387E8B3 /* LaunchScheduleFeatureTests.swift */,
				C9518104C8BA894B42782132 /* RocketLaunchAPITests.swift */,
			);
			path = "Launch Schedule";
			sourceTree = "<group>";
		};
		EA008485148EA7C256548083 /* Preview Content */ = {
			isa = PBXGroup;
			children = (
				796262C758B2DE50DEE95636 /* Preview Assets.xcassets */,
			);
			path = "Preview Content";
			sourceTree = "<group>";
		};
		F03BE7BE3DDB64BFA215CA25 /* 1 - View */ = {
			isa = PBXGroup;
			children = (
				A6A4359B32CE6C8CAC6B9ED3 /* ContentView.swift */,
				B1CA5E0B93EB63A3F674247A /* RocketLaunchApp.swift */,
				08CAA8DB30623CBE82AE04CD /* Theme */,
				64D80A155F9C5412A27F945D /* Views */,
			);
			path = "1 - View";
			sourceTree = "<group>";
		};
		2D2C9E90B57E87F89DFBC817 = {isa = PBXGroup; children = (D2C931B54B8C8C0797125440,); path = Shared; sourceTree = "<group>"; };
		AA8ACBD186B991A40F505A85 = {isa = PBXGroup; children = (D2EA7DB1A9044D47551CE4CA,); path = About; sourceTree = "<group>"; };
		5E04A7F3004B799FE6627D22 = {isa = PBXGroup; children = (ECF3AA58DF64286E918A8453,); path = "Operators"; sourceTree = "<group>"; };
		6C85A65CD7956631ADE2DD3F = {isa = PBXGroup; children = (6B9AA865F333AFF8BBCF1CB7,); path = "Launch Library API"; sourceTree = "<group>"; };
		D43A9F7790FB4DB1FFCD4912 = {isa = PBXGroup; children = (57C37ACE8DE78CB7F8AD428D,); path = "SpaceX API"; sourceTree = "<group>"; };
/* End PBXGroup section */

/* Begin PBXNativeTarget section */
		0C015E3F2B212A6600253DED /* RocketLaunch */ = {
			isa = PBXNativeTarget;
			buildConfigurationList = 0C015E642B212A6800253DED /* Build configuration list for PBXNativeTarget "RocketLaunch" */;
			buildPhases = (
				0C015E3C2B212A6600253DED /* Sources */,
				0C015E3D2B212A6600253DED /* Frameworks */,
				0C015E3E2B212A6600253DED /* Resources */,
			);
			buildRules = (
			);
			dependencies = (
			);
			name = RocketLaunch;
			productName = RocketLaunch;
			productReference = 0C015E402B212A6600253DED /* RocketLaunch.app */;
			productType = "com.apple.product-type.application";
		};
		A1C04C8E3F7A200B12DAD9CE /* RocketLaunchTests */ = {
			isa = PBXNativeTarget;
			buildConfigurationList = 226134F68FBBA6E336171CD1 /* Build configuration list for PBXNativeTarget "RocketLaunchTests" */;
			buildPhases = (
				7204F110F5AF435AAAB4221A /* Sources */,
				570F49B68451AEDD4ACAAE90 /* Frameworks */,
				7EABF6B3C7CBE0A651416241 /* Resources */,
			);
			buildRules = (
			);
			dependencies = (
				51BBAFC10442CA7470E6702B /* PBXTargetDependency */,
			);
			name = RocketLaunchTests;
			productName = RocketLaunchTests;
			productReference = 8727599EBDD915AFBD1759E5 /* RocketLaunchTests.xctest */;
			productType = "com.apple.product-type.bundle.unit-test";
		};
/* End PBXNativeTarget section */

/* Begin PBXProject section */
		0C015E382B212A6500253DED /* Project object */ = {
			isa = PBXProject;
			attributes = {
				BuildIndependentTargetsInParallel = 1;
				LastSwiftUpdateCheck = 1320;
				LastUpgradeCheck = 1320;
				TargetAttributes = {
					0C015E3F2B212A6600253DED = {
						CreatedOnToolsVersion = 13.2.1;
					};
					A1C04C8E3F7A200B12DAD9CE = {
						CreatedOnToolsVersion = 26.0;
						TestTargetID = 0C015E3F2B212A6600253DED;
					};
				};
			};
			buildConfigurationList = 0C015E3B2B212A6600253DED /* Build configuration list for PBXProject "RocketLaunch" */;
			compatibilityVersion = "Xcode 13.0";
			developmentRegion = en;
			hasScannedForEncodings = 0;
			knownRegions = (
				en,
				Base,
			);
			mainGroup = 0C015E372B212A6500253DED;
			productRefGroup = 0C015E412B212A6600253DED /* Products */;
			projectDirPath = "";
			projectRoot = "";
			targets = (
				0C015E3F2B212A6600253DED /* RocketLaunch */,
				A1C04C8E3F7A200B12DAD9CE /* RocketLaunchTests */,
			);
		};
/* End PBXProject section */

/* Begin PBXResourcesBuildPhase section */
		0C015E3E2B212A6600253DED /* Resources */ = {
			isa = PBXResourcesBuildPhase;
			buildActionMask = 2147483647;
			files = (
				F5ED04DC95EFAC57323D87BD /* Assets.xcassets in Resources */,
				A711ECC14281D5A4A0D63017 /* Preview Assets.xcassets in Resources */,
				2D97C0DD7852443BA67149E5 /* TestData.json in Resources */,
			);
			runOnlyForDeploymentPostprocessing = 0;
		};
		7EABF6B3C7CBE0A651416241 /* Resources */ = {
			isa = PBXResourcesBuildPhase;
			buildActionMask = 2147483647;
			files = (
				660544F5092671121163B067 /* launch-response.json in Resources */,
			);
			runOnlyForDeploymentPostprocessing = 0;
		};
/* End PBXResourcesBuildPhase section */

/* Begin PBXSourcesBuildPhase section */
		0C015E3C2B212A6600253DED /* Sources */ = {
			isa = PBXSourcesBuildPhase;
			buildActionMask = 2147483647;
			files = (
				2D814B9C3C735E2E39113D64 /* ContentView.swift in Sources */,
				9E9C591FFEE3B2A3822F3A1A /* RocketLaunchApp.swift in Sources */,
				C5AC034AAAE9C2E0236B94CA /* AppColourTheme.swift in Sources */,
				3CB7B45425CB9DCB67D8A234 /* ThemeManager.swift in Sources */,
				A77192A88CC668C7B385A0D7 /* LaunchScheduleView.swift in Sources */,
				4D2FA66A637E666D17D05682 /* LaunchScheduleViewModel.swift in Sources */,
				210F0EFB74899257C00AF13A /* AppModel.swift in Sources */,
				650D1F72675866403091D9B5 /* LaunchScheduleFeature.swift in Sources */,
				71EE6C4EB964B7D50B88E3A0,
				2338D39EF5D218558C7916FA,
				D742B6F54A5210A60DE2925C,
				5900175C78A56AE96FD7AA37,
				C71295EF9F333CF055E11A17,
				BFCB555EF76613F20AC19FED /* LaunchRepository.swift in Sources */,
				4F4ED4B5F2B6530219B555D6 /* RocketLaunchAPI.swift in Sources */,
				351A6003F48EF35CC5ABBB85 /* RocketLaunchDataTypes.swift in Sources */,
			);
			runOnlyForDeploymentPostprocessing = 0;
		};
		7204F110F5AF435AAAB4221A /* Sources */ = {
			isa = PBXSourcesBuildPhase;
			buildActionMask = 2147483647;
			files = (
				F6058977FFEB8E6858DBBD67 /* AppModelTests.swift in Sources */,
				39CE8771AA39797646EC7338 /* LaunchDecodingTests.swift in Sources */,
				4A1E14875F4C651F2D31A00F /* LaunchScheduleFeatureTests.swift in Sources */,
				226732CA8B4D451225510FE4 /* RocketLaunchAPITests.swift in Sources */,
				8B73DA98BAC6FA42E29D6A98 /* LaunchFixtures.swift in Sources */,
				AD314A2629F09C3736C3D237 /* StubURLProtocol.swift in Sources */,
				16C0A180733C0360412B7D8E /* LaunchScheduleViewModelTests.swift in Sources */,
				2902723AF79DE76B3BE7F686 /* ThemeManagerTests.swift in Sources */,
			);
			runOnlyForDeploymentPostprocessing = 0;
		};
/* End PBXSourcesBuildPhase section */

/* Begin PBXTargetDependency section */
		51BBAFC10442CA7470E6702B /* PBXTargetDependency */ = {
			isa = PBXTargetDependency;
			target = 0C015E3F2B212A6600253DED /* RocketLaunch */;
			targetProxy = 027B171B9A676DDD1BFF3542 /* PBXContainerItemProxy */;
		};
/* End PBXTargetDependency section */

/* Begin XCBuildConfiguration section */
		0C015E622B212A6800253DED /* Debug */ = {
			isa = XCBuildConfiguration;
			buildSettings = {
				ALWAYS_SEARCH_USER_PATHS = NO;
				CLANG_ANALYZER_NONNULL = YES;
				CLANG_ANALYZER_NUMBER_OBJECT_CONVERSION = YES_AGGRESSIVE;
				CLANG_CXX_LANGUAGE_STANDARD = "gnu++17";
				CLANG_CXX_LIBRARY = "libc++";
				CLANG_ENABLE_MODULES = YES;
				CLANG_ENABLE_OBJC_ARC = YES;
				CLANG_ENABLE_OBJC_WEAK = YES;
				CLANG_WARN_BLOCK_CAPTURE_AUTORELEASING = YES;
				CLANG_WARN_BOOL_CONVERSION = YES;
				CLANG_WARN_COMMA = YES;
				CLANG_WARN_CONSTANT_CONVERSION = YES;
				CLANG_WARN_DEPRECATED_OBJC_IMPLEMENTATIONS = YES;
				CLANG_WARN_DIRECT_OBJC_ISA_USAGE = YES_ERROR;
				CLANG_WARN_DOCUMENTATION_COMMENTS = YES;
				CLANG_WARN_EMPTY_BODY = YES;
				CLANG_WARN_ENUM_CONVERSION = YES;
				CLANG_WARN_INFINITE_RECURSION = YES;
				CLANG_WARN_INT_CONVERSION = YES;
				CLANG_WARN_NON_LITERAL_NULL_CONVERSION = YES;
				CLANG_WARN_OBJC_IMPLICIT_RETAIN_SELF = YES;
				CLANG_WARN_OBJC_LITERAL_CONVERSION = YES;
				CLANG_WARN_OBJC_ROOT_CLASS = YES_ERROR;
				CLANG_WARN_QUOTED_INCLUDE_IN_FRAMEWORK_HEADER = YES;
				CLANG_WARN_RANGE_LOOP_ANALYSIS = YES;
				CLANG_WARN_STRICT_PROTOTYPES = YES;
				CLANG_WARN_SUSPICIOUS_MOVE = YES;
				CLANG_WARN_UNGUARDED_AVAILABILITY = YES_AGGRESSIVE;
				CLANG_WARN_UNREACHABLE_CODE = YES;
				CLANG_WARN__DUPLICATE_METHOD_MATCH = YES;
				COPY_PHASE_STRIP = NO;
				DEBUG_INFORMATION_FORMAT = dwarf;
				ENABLE_STRICT_OBJC_MSGSEND = YES;
				ENABLE_TESTABILITY = YES;
				GCC_C_LANGUAGE_STANDARD = gnu11;
				GCC_DYNAMIC_NO_PIC = NO;
				GCC_NO_COMMON_BLOCKS = YES;
				GCC_OPTIMIZATION_LEVEL = 0;
				GCC_PREPROCESSOR_DEFINITIONS = (
					"DEBUG=1",
					"$(inherited)",
				);
				GCC_WARN_64_TO_32_BIT_CONVERSION = YES;
				GCC_WARN_ABOUT_RETURN_TYPE = YES_ERROR;
				GCC_WARN_UNDECLARED_SELECTOR = YES;
				GCC_WARN_UNINITIALIZED_AUTOS = YES_AGGRESSIVE;
				GCC_WARN_UNUSED_FUNCTION = YES;
				GCC_WARN_UNUSED_VARIABLE = YES;
				IPHONEOS_DEPLOYMENT_TARGET = 17.0;
				MTL_ENABLE_DEBUG_INFO = INCLUDE_SOURCE;
				MTL_FAST_MATH = YES;
				ONLY_ACTIVE_ARCH = YES;
				SDKROOT = iphoneos;
				SWIFT_ACTIVE_COMPILATION_CONDITIONS = DEBUG;
				SWIFT_OPTIMIZATION_LEVEL = "-Onone";
				SWIFT_STRICT_CONCURRENCY = complete;
				SWIFT_VERSION = 6.0;
			};
			name = Debug;
		};
		0C015E632B212A6800253DED /* Release */ = {
			isa = XCBuildConfiguration;
			buildSettings = {
				ALWAYS_SEARCH_USER_PATHS = NO;
				CLANG_ANALYZER_NONNULL = YES;
				CLANG_ANALYZER_NUMBER_OBJECT_CONVERSION = YES_AGGRESSIVE;
				CLANG_CXX_LANGUAGE_STANDARD = "gnu++17";
				CLANG_CXX_LIBRARY = "libc++";
				CLANG_ENABLE_MODULES = YES;
				CLANG_ENABLE_OBJC_ARC = YES;
				CLANG_ENABLE_OBJC_WEAK = YES;
				CLANG_WARN_BLOCK_CAPTURE_AUTORELEASING = YES;
				CLANG_WARN_BOOL_CONVERSION = YES;
				CLANG_WARN_COMMA = YES;
				CLANG_WARN_CONSTANT_CONVERSION = YES;
				CLANG_WARN_DEPRECATED_OBJC_IMPLEMENTATIONS = YES;
				CLANG_WARN_DIRECT_OBJC_ISA_USAGE = YES_ERROR;
				CLANG_WARN_DOCUMENTATION_COMMENTS = YES;
				CLANG_WARN_EMPTY_BODY = YES;
				CLANG_WARN_ENUM_CONVERSION = YES;
				CLANG_WARN_INFINITE_RECURSION = YES;
				CLANG_WARN_INT_CONVERSION = YES;
				CLANG_WARN_NON_LITERAL_NULL_CONVERSION = YES;
				CLANG_WARN_OBJC_IMPLICIT_RETAIN_SELF = YES;
				CLANG_WARN_OBJC_LITERAL_CONVERSION = YES;
				CLANG_WARN_OBJC_ROOT_CLASS = YES_ERROR;
				CLANG_WARN_QUOTED_INCLUDE_IN_FRAMEWORK_HEADER = YES;
				CLANG_WARN_RANGE_LOOP_ANALYSIS = YES;
				CLANG_WARN_STRICT_PROTOTYPES = YES;
				CLANG_WARN_SUSPICIOUS_MOVE = YES;
				CLANG_WARN_UNGUARDED_AVAILABILITY = YES_AGGRESSIVE;
				CLANG_WARN_UNREACHABLE_CODE = YES;
				CLANG_WARN__DUPLICATE_METHOD_MATCH = YES;
				COPY_PHASE_STRIP = NO;
				DEBUG_INFORMATION_FORMAT = "dwarf-with-dsym";
				ENABLE_NS_ASSERTIONS = NO;
				ENABLE_STRICT_OBJC_MSGSEND = YES;
				GCC_C_LANGUAGE_STANDARD = gnu11;
				GCC_NO_COMMON_BLOCKS = YES;
				GCC_WARN_64_TO_32_BIT_CONVERSION = YES;
				GCC_WARN_ABOUT_RETURN_TYPE = YES_ERROR;
				GCC_WARN_UNDECLARED_SELECTOR = YES;
				GCC_WARN_UNINITIALIZED_AUTOS = YES_AGGRESSIVE;
				GCC_WARN_UNUSED_FUNCTION = YES;
				GCC_WARN_UNUSED_VARIABLE = YES;
				IPHONEOS_DEPLOYMENT_TARGET = 17.0;
				MTL_ENABLE_DEBUG_INFO = NO;
				MTL_FAST_MATH = YES;
				SDKROOT = iphoneos;
				SWIFT_COMPILATION_MODE = wholemodule;
				SWIFT_OPTIMIZATION_LEVEL = "-O";
				SWIFT_STRICT_CONCURRENCY = complete;
				SWIFT_VERSION = 6.0;
				VALIDATE_PRODUCT = YES;
			};
			name = Release;
		};
		0C015E652B212A6800253DED /* Debug */ = {
			isa = XCBuildConfiguration;
			buildSettings = {
				ASSETCATALOG_COMPILER_APPICON_NAME = AppIcon;
				ASSETCATALOG_COMPILER_GLOBAL_ACCENT_COLOR_NAME = AccentColor;
				CODE_SIGN_STYLE = Automatic;
				CURRENT_PROJECT_VERSION = 1;
				DEVELOPMENT_ASSET_PATHS = "\"RocketLaunch/3 - App Resources/Preview Content\"";
				DEVELOPMENT_TEAM = AE3J8T4WV6;
				ENABLE_PREVIEWS = YES;
				GENERATE_INFOPLIST_FILE = YES;
				INFOPLIST_KEY_UIApplicationSceneManifest_Generation = YES;
				INFOPLIST_KEY_UIApplicationSupportsIndirectInputEvents = YES;
				INFOPLIST_KEY_UILaunchScreen_Generation = YES;
				INFOPLIST_KEY_UISupportedInterfaceOrientations_iPad = "UIInterfaceOrientationPortrait UIInterfaceOrientationPortraitUpsideDown UIInterfaceOrientationLandscapeLeft UIInterfaceOrientationLandscapeRight";
				INFOPLIST_KEY_UISupportedInterfaceOrientations_iPhone = "UIInterfaceOrientationPortrait UIInterfaceOrientationLandscapeLeft UIInterfaceOrientationLandscapeRight";
				IPHONEOS_DEPLOYMENT_TARGET = 17.0;
				LD_RUNPATH_SEARCH_PATHS = (
					"$(inherited)",
					"@executable_path/Frameworks",
				);
				MARKETING_VERSION = 1.0;
				PRODUCT_BUNDLE_IDENTIFIER = com.swiftsimplified.rocketlaunch.RocketLaunch;
				PRODUCT_NAME = "$(TARGET_NAME)";
				SWIFT_EMIT_LOC_STRINGS = YES;
				SWIFT_STRICT_CONCURRENCY = complete;
				SWIFT_VERSION = 6.0;
				TARGETED_DEVICE_FAMILY = "1,2";
			};
			name = Debug;
		};
		0C015E662B212A6800253DED /* Release */ = {
			isa = XCBuildConfiguration;
			buildSettings = {
				ASSETCATALOG_COMPILER_APPICON_NAME = AppIcon;
				ASSETCATALOG_COMPILER_GLOBAL_ACCENT_COLOR_NAME = AccentColor;
				CODE_SIGN_STYLE = Automatic;
				CURRENT_PROJECT_VERSION = 1;
				DEVELOPMENT_ASSET_PATHS = "\"RocketLaunch/3 - App Resources/Preview Content\"";
				DEVELOPMENT_TEAM = AE3J8T4WV6;
				ENABLE_PREVIEWS = YES;
				GENERATE_INFOPLIST_FILE = YES;
				INFOPLIST_KEY_UIApplicationSceneManifest_Generation = YES;
				INFOPLIST_KEY_UIApplicationSupportsIndirectInputEvents = YES;
				INFOPLIST_KEY_UILaunchScreen_Generation = YES;
				INFOPLIST_KEY_UISupportedInterfaceOrientations_iPad = "UIInterfaceOrientationPortrait UIInterfaceOrientationPortraitUpsideDown UIInterfaceOrientationLandscapeLeft UIInterfaceOrientationLandscapeRight";
				INFOPLIST_KEY_UISupportedInterfaceOrientations_iPhone = "UIInterfaceOrientationPortrait UIInterfaceOrientationLandscapeLeft UIInterfaceOrientationLandscapeRight";
				IPHONEOS_DEPLOYMENT_TARGET = 17.0;
				LD_RUNPATH_SEARCH_PATHS = (
					"$(inherited)",
					"@executable_path/Frameworks",
				);
				MARKETING_VERSION = 1.0;
				PRODUCT_BUNDLE_IDENTIFIER = com.swiftsimplified.rocketlaunch.RocketLaunch;
				PRODUCT_NAME = "$(TARGET_NAME)";
				SWIFT_EMIT_LOC_STRINGS = YES;
				SWIFT_STRICT_CONCURRENCY = complete;
				SWIFT_VERSION = 6.0;
				TARGETED_DEVICE_FAMILY = "1,2";
			};
			name = Release;
		};
		4D578534C7BC805D6E9873C2 /* Debug */ = {
			isa = XCBuildConfiguration;
			buildSettings = {
				BUNDLE_LOADER = "$(TEST_HOST)";
				CODE_SIGN_STYLE = Automatic;
				DEVELOPMENT_TEAM = AE3J8T4WV6;
				GENERATE_INFOPLIST_FILE = YES;
				IPHONEOS_DEPLOYMENT_TARGET = 17.0;
				LD_RUNPATH_SEARCH_PATHS = (
					"$(inherited)",
					"@executable_path/Frameworks",
					"@loader_path/Frameworks",
				);
				PRODUCT_BUNDLE_IDENTIFIER = com.swiftsimplified.rocketlaunch.RocketLaunchTests;
				PRODUCT_NAME = "$(TARGET_NAME)";
				SWIFT_STRICT_CONCURRENCY = complete;
				SWIFT_VERSION = 6.0;
				TARGETED_DEVICE_FAMILY = "1,2";
				TEST_HOST = "$(BUILT_PRODUCTS_DIR)/RocketLaunch.app/$(BUNDLE_EXECUTABLE_FOLDER_PATH)/RocketLaunch";
			};
			name = Debug;
		};
		71B8ED3D26CA7B1313A07E5F /* Release */ = {
			isa = XCBuildConfiguration;
			buildSettings = {
				BUNDLE_LOADER = "$(TEST_HOST)";
				CODE_SIGN_STYLE = Automatic;
				DEVELOPMENT_TEAM = AE3J8T4WV6;
				GENERATE_INFOPLIST_FILE = YES;
				IPHONEOS_DEPLOYMENT_TARGET = 17.0;
				LD_RUNPATH_SEARCH_PATHS = (
					"$(inherited)",
					"@executable_path/Frameworks",
					"@loader_path/Frameworks",
				);
				PRODUCT_BUNDLE_IDENTIFIER = com.swiftsimplified.rocketlaunch.RocketLaunchTests;
				PRODUCT_NAME = "$(TARGET_NAME)";
				SWIFT_STRICT_CONCURRENCY = complete;
				SWIFT_VERSION = 6.0;
				TARGETED_DEVICE_FAMILY = "1,2";
				TEST_HOST = "$(BUILT_PRODUCTS_DIR)/RocketLaunch.app/$(BUNDLE_EXECUTABLE_FOLDER_PATH)/RocketLaunch";
			};
			name = Release;
		};
/* End XCBuildConfiguration section */

/* Begin XCConfigurationList section */
		0C015E3B2B212A6600253DED /* Build configuration list for PBXProject "RocketLaunch" */ = {
			isa = XCConfigurationList;
			buildConfigurations = (
				0C015E622B212A6800253DED /* Debug */,
				0C015E632B212A6800253DED /* Release */,
			);
			defaultConfigurationIsVisible = 0;
			defaultConfigurationName = Release;
		};
		0C015E642B212A6800253DED /* Build configuration list for PBXNativeTarget "RocketLaunch" */ = {
			isa = XCConfigurationList;
			buildConfigurations = (
				0C015E652B212A6800253DED /* Debug */,
				0C015E662B212A6800253DED /* Release */,
			);
			defaultConfigurationIsVisible = 0;
			defaultConfigurationName = Release;
		};
		226134F68FBBA6E336171CD1 /* Build configuration list for PBXNativeTarget "RocketLaunchTests" */ = {
			isa = XCConfigurationList;
			buildConfigurations = (
				4D578534C7BC805D6E9873C2 /* Debug */,
				71B8ED3D26CA7B1313A07E5F /* Release */,
			);
			defaultConfigurationIsVisible = 0;
			defaultConfigurationName = Release;
		};
/* End XCConfigurationList section */
	};
	rootObject = 0C015E382B212A6500253DED /* Project object */;
}
